
Microsoft Visual Studio Solution File, Format Version 12.00
# Visual Studio Version 17
VisualStudioVersion = 17.4.33213.308
MinimumVisualStudioVersion = 10.0.40219.1
Project("{9A19103F-16F7-4668-BE54-9A1E7A4F7556}") = "Airports.Data", "Data\Airports.Data\Airports.Data.csproj", "{610462FD-BEA7-44A8-B3A1-1F841FF3FCC7}"
EndProject
Project("{FAE04EC0-301F-11D3-BF4B-00C04F79EFBC}") = "TestConsole", "Tests\TestConsole\TestConsole.csproj", "{681C063F-D3BB-4352-A6CB-0931CB4A3CEC}"
EndProject
Global
	GlobalSection(SolutionConfigurationPlatforms) = preSolution
		Debug|Any CPU = Debug|Any CPU
		Release|Any CPU = Release|Any CPU
	EndGlobalSection
	GlobalSection(ProjectConfigurationPlatforms) = postSolution
		{610462FD-BEA7-44A8-B3A1-1F841FF3FCC7}.Debug|Any CPU.ActiveCfg = Debug|Any CPU
		{610462FD-BEA7-44A8-B3A1-1F841FF3FCC7}.Debug|Any CPU.Build.0 = Debug|Any CPU
		{610462FD-BEA7-44A8-B3A1-1F841FF3FCC7}.Release|Any CPU.ActiveCfg = Release|Any CPU
		{610462FD-BEA7-44A8-B3A1-1F841FF3FCC7}.Release|Any CPU.Build.0 = Release|Any CPU
		{681C063F-D3BB-4352-A6CB-0931CB4A3CEC}.Debug|Any CPU.ActiveCfg = Debug|Any CPU
		{681C063F-D3BB-4352-A6CB-0931CB4A3CEC}.Debug|Any CPU.Build.0 = Debug|Any CPU
		{681C063F-D3BB-4352-A6CB-0931CB4A3CEC}.Release|Any CPU.ActiveCfg = Release|Any CPU
		{681C063F-D3BB-4352-A6CB-0931CB4A3CEC}.Release|Any CPU.Build.0 = Release|Any CPU
	EndGlobalSection
	GlobalSection(SolutionProperties) = preSolution
		HideSolutionNode = FALSE
	EndGlobalSection
	GlobalSection(ExtensibilityGlobals) = postSolution
		SolutionGuid = {4A7EFE86-A200-4AF4-9D90-3FE115C7B80E}
	EndGlobalSection
EndGlobal
